
Microsoft Visual Studio Solution File, Format Version 12.00
# Visual Studio Version 17
VisualStudioVersion = 17.9.34622.214
MinimumVisualStudioVersion = 10.0.40219.1
Project("{FAE04EC0-301F-11D3-BF4B-00C04F79EFBC}") = "FitnessApp", "FitnessApp.csproj", "{BA29C6E0-E8CA-40C5-BC63-0D0D8435C955}"
EndProject
Global
	GlobalSection(SolutionConfigurationPlatforms) = preSolution
		Debug|Any CPU = Debug|Any CPU
		Release|Any CPU = Release|Any CPU
	EndGlobalSection
	GlobalSection(ProjectConfigurationPlatforms) = postSolution
		{BA29C6E0-E8CA-40C5-BC63-0D0D8435C955}.Debug|Any CPU.ActiveCfg = Debug|Any CPU
		{BA29C6E0-E8CA-40C5-BC63-0D0D8435C955}.Debug|Any CPU.Build.0 = Debug|Any CPU
		{BA29C6E0-E8CA-40C5-BC63-0D0D8435C955}.Release|Any CPU.ActiveCfg = Release|Any CPU
		{BA29C6E0-E8CA-40C5-BC63-0D0D8435C955}.Release|Any CPU.Build.0 = Release|Any CPU
	EndGlobalSection
	GlobalSection(SolutionProperties) = preSolution
		HideSolutionNode = FALSE
	EndGlobalSection
	GlobalSection(ExtensibilityGlobals) = postSolution
		SolutionGuid = {456D064B-8B50-4B6D-A458-E4FB454AAED2}
	EndGlobalSection
EndGlobal
